
Microsoft Visual Studio Solution File, Format Version 12.00
# Visual Studio 15
VisualStudioVersion = 15.0.27703.2047
MinimumVisualStudioVersion = 10.0.40219.1
Project("{9A19103F-16F7-4668-BE54-9A1E7A4F7556}") = "CoreWebApi", "CoreWebApi\CoreWebApi.csproj", "{C1AD1388-B576-4FA7-84CA-D39F9BEE6866}"
EndProject
Project("{9A19103F-16F7-4668-BE54-9A1E7A4F7556}") = "Core.Model", "Core.Model\Core.Model.csproj", "{E1E8C3EE-3769-4844-8163-E4B0A8B6B427}"
EndProject
Project("{9A19103F-16F7-4668-BE54-9A1E7A4F7556}") = "Core.IRepository", "Core.IRepository\Core.IRepository.csproj", "{E8E44F38-BE8E-4F2D-ADD4-DFBA8CF74546}"
EndProject
Project("{9A19103F-16F7-4668-BE54-9A1E7A4F7556}") = "Core.Repository", "Core.Repository\Core.Repository.csproj", "{3B8B3ACE-E41F-4A07-AA9C-EE04F2857016}"
EndProject
Project("{9A19103F-16F7-4668-BE54-9A1E7A4F7556}") = "Core.IServices", "Core.IServices\Core.IServices.csproj", "{D41A2D10-ECFE-4615-851D-AD2A3CF5209B}"
EndProject
Project("{9A19103F-16F7-4668-BE54-9A1E7A4F7556}") = "Core.Services", "Core.Services\Core.Services.csproj", "{6D968205-C23E-4042-9DF5-A2EAD4462029}"
EndProject
Project("{9A19103F-16F7-4668-BE54-9A1E7A4F7556}") = "Core.Common", "Core.Common\Core.Common.csproj", "{97E07083-E52E-4DF0-835E-88604A2D33AE}"
EndProject
Project("{FAE04EC0-301F-11D3-BF4B-00C04F79EFBC}") = "CoreDBConsole", "CoreDBConsole\CoreDBConsole.csproj", "{62736B64-C99D-4CA6-921E-F0E1A5049CA7}"
EndProject
Global
	GlobalSection(SolutionConfigurationPlatforms) = preSolution
		Debug|Any CPU = Debug|Any CPU
		Release|Any CPU = Release|Any CPU
	EndGlobalSection
	GlobalSection(ProjectConfigurationPlatforms) = postSolution
		{C1AD1388-B576-4FA7-84CA-D39F9BEE6866}.Debug|Any CPU.ActiveCfg = Debug|Any CPU
		{C1AD1388-B576-4FA7-84CA-D39F9BEE6866}.Debug|Any CPU.Build.0 = Debug|Any CPU
		{C1AD1388-B576-4FA7-84CA-D39F9BEE6866}.Release|Any CPU.ActiveCfg = Release|Any CPU
		{C1AD1388-B576-4FA7-84CA-D39F9BEE6866}.Release|Any CPU.Build.0 = Release|Any CPU
		{E1E8C3EE-3769-4844-8163-E4B0A8B6B427}.Debug|Any CPU.ActiveCfg = Debug|Any CPU
		{E1E8C3EE-3769-4844-8163-E4B0A8B6B427}.Debug|Any CPU.Build.0 = Debug|Any CPU
		{E1E8C3EE-3769-4844-8163-E4B0A8B6B427}.Release|Any CPU.ActiveCfg = Release|Any CPU
		{E1E8C3EE-3769-4844-8163-E4B0A8B6B427}.Release|Any CPU.Build.0 = Release|Any CPU
		{E8E44F38-BE8E-4F2D-ADD4-DFBA8CF74546}.Debug|Any CPU.ActiveCfg = Debug|Any CPU
		{E8E44F38-BE8E-4F2D-ADD4-DFBA8CF74546}.Debug|Any CPU.Build.0 = Debug|Any CPU
		{E8E44F38-BE8E-4F2D-ADD4-DFBA8CF74546}.Release|Any CPU.ActiveCfg = Release|Any CPU
		{E8E44F38-BE8E-4F2D-ADD4-DFBA8CF74546}.Release|Any CPU.Build.0 = Release|Any CPU
		{3B8B3ACE-E41F-4A07-AA9C-EE04F2857016}.Debug|Any CPU.ActiveCfg = Debug|Any CPU
		{3B8B3ACE-E41F-4A07-AA9C-EE04F2857016}.Debug|Any CPU.Build.0 = Debug|Any CPU
		{3B8B3ACE-E41F-4A07-AA9C-EE04F2857016}.Release|Any CPU.ActiveCfg = Release|Any CPU
		{3B8B3ACE-E41F-4A07-AA9C-EE04F2857016}.Release|Any CPU.Build.0 = Release|Any CPU
		{D41A2D10-ECFE-4615-851D-AD2A3CF5209B}.Debug|Any CPU.ActiveCfg = Debug|Any CPU
		{D41A2D10-ECFE-4615-851D-AD2A3CF5209B}.Debug|Any CPU.Build.0 = Debug|Any CPU
		{D41A2D10-ECFE-4615-851D-AD2A3CF5209B}.Release|Any CPU.ActiveCfg = Release|Any CPU
		{D41A2D10-ECFE-4615-851D-AD2A3CF5209B}.Release|Any CPU.Build.0 = Release|Any CPU
		{6D968205-C23E-4042-9DF5-A2EAD4462029}.Debug|Any CPU.ActiveCfg = Debug|Any CPU
		{6D968205-C23E-4042-9DF5-A2EAD4462029}.Debug|Any CPU.Build.0 = Debug|Any CPU
		{6D968205-C23E-4042-9DF5-A2EAD4462029}.Release|Any CPU.ActiveCfg = Release|Any CPU
		{6D968205-C23E-4042-9DF5-A2EAD4462029}.Release|Any CPU.Build.0 = Release|Any CPU
		{97E07083-E52E-4DF0-835E-88604A2D33AE}.Debug|Any CPU.ActiveCfg = Debug|Any CPU
		{97E07083-E52E-4DF0-835E-88604A2D33AE}.Debug|Any CPU.Build.0 = Debug|Any CPU
		{97E07083-E52E-4DF0-835E-88604A2D33AE}.Release|Any CPU.ActiveCfg = Release|Any CPU
		{97E07083-E52E-4DF0-835E-88604A2D33AE}.Release|Any CPU.Build.0 = Release|Any CPU
		{62736B64-C99D-4CA6-921E-F0E1A5049CA7}.Debug|Any CPU.ActiveCfg = Debug|Any CPU
		{62736B64-C99D-4CA6-921E-F0E1A5049CA7}.Debug|Any CPU.Build.0 = Debug|Any CPU
		{62736B64-C99D-4CA6-921E-F0E1A5049CA7}.Release|Any CPU.ActiveCfg = Release|Any CPU
		{62736B64-C99D-4CA6-921E-F0E1A5049CA7}.Release|Any CPU.Build.0 = Release|Any CPU
	EndGlobalSection
	GlobalSection(SolutionProperties) = preSolution
		HideSolutionNode = FALSE
	EndGlobalSection
	GlobalSection(ExtensibilityGlobals) = postSolution
		SolutionGuid = {5E261F9A-6E6A-48D9-BC4D-DA56DC8007B9}
	EndGlobalSection
EndGlobal
