
Microsoft Visual Studio Solution File, Format Version 12.00
# Visual Studio 15
VisualStudioVersion = 15.0.27703.2047
MinimumVisualStudioVersion = 10.0.40219.1
Project("{FAE04EC0-301F-11D3-BF4B-00C04F79EFBC}") = "CoreWebApi", "CoreWebApi\CoreWebApi.csproj", "{C1AD1388-B576-4FA7-84CA-D39F9BEE6866}"
EndProject
Global
	GlobalSection(SolutionConfigurationPlatforms) = preSolution
		Debug|Any CPU = Debug|Any CPU
		Release|Any CPU = Release|Any CPU
	EndGlobalSection
	GlobalSection(ProjectConfigurationPlatforms) = postSolution
		{C1AD1388-B576-4FA7-84CA-D39F9BEE6866}.Debug|Any CPU.ActiveCfg = Debug|Any CPU
		{C1AD1388-B576-4FA7-84CA-D39F9BEE6866}.Debug|Any CPU.Build.0 = Debug|Any CPU
		{C1AD1388-B576-4FA7-84CA-D39F9BEE6866}.Release|Any CPU.ActiveCfg = Release|Any CPU
		{C1AD1388-B576-4FA7-84CA-D39F9BEE6866}.Release|Any CPU.Build.0 = Release|Any CPU
	EndGlobalSection
	GlobalSection(SolutionProperties) = preSolution
		HideSolutionNode = FALSE
	EndGlobalSection
	GlobalSection(ExtensibilityGlobals) = postSolution
		SolutionGuid = {5E261F9A-6E6A-48D9-BC4D-DA56DC8007B9}
	EndGlobalSection
EndGlobal
